lockfileVersion: 5.3

specifiers:
  axios: ^0.21.0
  colors: ^1.4.0
  readline-sync: ^1.4.10
  shelljs: ^0.8.4

dependencies:
  axios: 0.21.1
  colors: 1.4.0
  readline-sync: 1.4.10
  shelljs: 0.8.4

packages:

  /axios/0.21.1:
    resolution: {integrity: sha512-dKQiRHxGD9PPRIUNIWvZhPTPpl1rf/OxTYKsqKUDjBwYylTvV7SjSHJb9ratfyzM6wCdLCOYLzs73qpg5c4iGA==}
    dependencies:
      follow-redirects: 1.14.1
    transitivePeerDependencies:
      - debug
    dev: false

  /balanced-match/1.0.2:
    resolution: {integrity: sha512-3oSeUO0TMV67hN1AmbXsK4yaqU7tjiHlbxRDZOpH0KW9+CeX4bRAaX0Anxt0tx2MrpRpWwQaPwIlISEJhYU5Pw==}
    dev: false

  /brace-expansion/1.1.11:
    resolution: {integrity: sha512-iCuPHDFgrHX7H2vEI/5xpz07zSHB00TpugqhmYtVmMO6518mCuRMoOYFldEBl0g187ufozdaHgWKcYFb61qGiA==}
    dependencies:
      balanced-match: 1.0.2
      concat-map: 0.0.1
    dev: false

  /colors/1.4.0:
    resolution: {integrity: sha512-a+UqTh4kgZg/SlGvfbzDHpgRu7AAQOmmqRHJnxhRZICKFUT91brVhNNt58CMWU9PsBbv3PDCZUHbVxuDiH2mtA==}
    engines: {node: '>=0.1.90'}
    dev: false

  /concat-map/0.0.1:
    resolution: {integrity: sha1-2Klr13/Wjfd5OnMDajug1UBdR3s=}
    dev: false

  /follow-redirects/1.14.1:
    resolution: {integrity: sha512-HWqDgT7ZEkqRzBvc2s64vSZ/hfOceEol3ac/7tKwzuvEyWx3/4UegXh5oBOIotkGsObyk3xznnSRVADBgWSQVg==}
    engines: {node: '>=4.0'}
    peerDependencies:
      debug: '*'
    peerDependenciesMeta:
      debug:
        optional: true
    dev: false

  /fs.realpath/1.0.0:
    resolution: {integrity: sha1-FQStJSMVjKpA20onh8sBQRmU6k8=}
    dev: false

  /function-bind/1.1.1:
    resolution: {integrity: sha512-yIovAzMX49sF8Yl58fSCWJ5svSLuaibPxXQJFLmBObTuCr0Mf1KiPopGM9NiFjiYBCbfaa2Fh6breQ6ANVTI0A==}
    dev: false

  /glob/7.1.7:
    resolution: {integrity: sha512-OvD9ENzPLbegENnYP5UUfJIirTg4+XwMWGaQfQTY0JenxNvvIKP3U3/tAQSPIu/lHxXYSZmpXlUHeqAIdKzBLQ==}
    dependencies:
      fs.realpath: 1.0.0
      inflight: 1.0.6
      inherits: 2.0.4
      minimatch: 3.0.4
      once: 1.4.0
      path-is-absolute: 1.0.1
    dev: false

  /has/1.0.3:
    resolution: {integrity: sha512-f2dvO0VU6Oej7RkWJGrehjbzMAjFp5/VKPp5tTpWIV4JHHZK1/BxbFRtf/siA2SWTe09caDmVtYYzWEIbBS4zw==}
    engines: {node: '>= 0.4.0'}
    dependencies:
      function-bind: 1.1.1
    dev: false

  /inflight/1.0.6:
    resolution: {integrity: sha1-Sb1jMdfQLQwJvJEKEHW6gWW1bfk=}
    dependencies:
      once: 1.4.0
      wrappy: 1.0.2
    dev: false

  /inherits/2.0.4:
    resolution: {integrity: sha512-k/vGaX4/Yla3WzyMCvTQOXYeIHvqOKtnqBduzTHpzpQZzAskKMhZ2K+EnBiSM9zGSoIFeMpXKxa4dYeZIQqewQ==}
    dev: false

  /interpret/1.4.0:
    resolution: {integrity: sha512-agE4QfB2Lkp9uICn7BAqoscw4SZP9kTE2hxiFI3jBPmXJfdqiahTbUuKGsMoN2GtqL9AxhYioAcVvgsb1HvRbA==}
    engines: {node: '>= 0.10'}
    dev: false

  /is-core-module/2.4.0:
    resolution: {integrity: sha512-6A2fkfq1rfeQZjxrZJGerpLCTHRNEBiSgnu0+obeJpEPZRUooHgsizvzv0ZjJwOz3iWIHdJtVWJ/tmPr3D21/A==}
    dependencies:
      has: 1.0.3
    dev: false

  /minimatch/3.0.4:
    resolution: {integrity: sha512-yJHVQEhyqPLUTgt9B83PXu6W3rx4MvvHvSUvToogpwoGDOUQ+yDrR0HRot+yOCdCO7u4hX3pWft6kWBBcqh0UA==}
    dependencies:
      brace-expansion: 1.1.11
    dev: false

  /once/1.4.0:
    resolution: {integrity: sha1-WDsap3WWHUsROsF9nFC6753Xa9E=}
    dependencies:
      wrappy: 1.0.2
    dev: false

  /path-is-absolute/1.0.1:
    resolution: {integrity: sha1-F0uSaHNVNP+8es5r9TpanhtcX18=}
    engines: {node: '>=0.10.0'}
    dev: false

  /path-parse/1.0.7:
    resolution: {integrity: sha512-LDJzPVEEEPR+y48z93A0Ed0yXb8pAByGWo/k5YYdYgpY2/2EsOsksJrq7lOHxryrVOn1ejG6oAp8ahvOIQD8sw==}
    dev: false

  /readline-sync/1.4.10:
    resolution: {integrity: sha512-gNva8/6UAe8QYepIQH/jQ2qn91Qj0B9sYjMBBs3QOB8F2CXcKgLxQaJRP76sWVRQt+QU+8fAkCbCvjjMFu7Ycw==}
    engines: {node: '>= 0.8.0'}
    dev: false

  /rechoir/0.6.2:
    resolution: {integrity: sha1-hSBLVNuoLVdC4oyWdW70OvUOM4Q=}
    engines: {node: '>= 0.10'}
    dependencies:
      resolve: 1.20.0
    dev: false

  /resolve/1.20.0:
    resolution: {integrity: sha512-wENBPt4ySzg4ybFQW2TT1zMQucPK95HSh/nq2CFTZVOGut2+pQvSsgtda4d26YrYcr067wjbmzOG8byDPBX63A==}
    dependencies:
      is-core-module: 2.4.0
      path-parse: 1.0.7
    dev: false

  /shelljs/0.8.4:
    resolution: {integrity: sha512-7gk3UZ9kOfPLIAbslLzyWeGiEqx9e3rxwZM0KE6EL8GlGwjym9Mrlx5/p33bWTu9YG6vcS4MBxYZDHYr5lr8BQ==}
    engines: {node: '>=4'}
    hasBin: true
    dependencies:
      glob: 7.1.7
      interpret: 1.4.0
      rechoir: 0.6.2
    dev: false

  /wrappy/1.0.2:
    resolution: {integrity: sha1-tSQ9jz7BqjXxNkYFvA0QNuMKtp8=}
    dev: false
